// !$*UTF8*$!
{
	archiveVersion = 1;
	classes = {
	};
	objectVersion = 50;
	objects = {

/* Begin PBXBuildFile section */
		2C33FDA025386FDB0024FDA4 /* AppDelegate.swift in Sources */ = {isa = PBXBuildFile; fileRef = 2C33FD9F25386FDB0024FDA4 /* AppDelegate.swift */; };
		2C33FDA725386FDB0024FDA4 /* Main.storyboard in Resources */ = {isa = PBXBuildFile; fileRef = 2C33FDA525386FDB0024FDA4 /* Main.storyboard */; };
		2C33FDA925386FDC0024FDA4 /* Assets.xcassets in Resources */ = {isa = PBXBuildFile; fileRef = 2C33FDA825386FDC0024FDA4 /* Assets.xcassets */; };
		2C33FDAC25386FDC0024FDA4 /* LaunchScreen.storyboard in Resources */ = {isa = PBXBuildFile; fileRef = 2C33FDAA25386FDC0024FDA4 /* LaunchScreen.storyboard */; };
		2C33FDB725386FDC0024FDA4 /* Final_CaptonePorjectTests.swift in Sources */ = {isa = PBXBuildFile; fileRef = 2C33FDB625386FDC0024FDA4 /* Final_CaptonePorjectTests.swift */; };
		2C33FDC225386FDC0024FDA4 /* Final_CaptonePorjectUITests.swift in Sources */ = {isa = PBXBuildFile; fileRef = 2C33FDC125386FDC0024FDA4 /* Final_CaptonePorjectUITests.swift */; };
		2CB8500625387A660035B986 /* ar_ViewController.swift in Sources */ = {isa = PBXBuildFile; fileRef = 2CB8500525387A660035B986 /* ar_ViewController.swift */; };
		2CB8500B25387AF00035B986 /* AR.rcproject in Sources */ = {isa = PBXBuildFile; fileRef = 2CB8500A25387AF00035B986 /* AR.rcproject */; };
		2CB8501025387B910035B986 /* MainViewController.swift in Sources */ = {isa = PBXBuildFile; fileRef = 2CB8500F25387B910035B986 /* MainViewController.swift */; };
		2CB8504B253D8E230035B986 /* HotTea.rcproject in Sources */ = {isa = PBXBuildFile; fileRef = 2CB8504A253D8E230035B986 /* HotTea.rcproject */; };
		2CB85050253D8E4C0035B986 /* HotTeaViewController.swift in Sources */ = {isa = PBXBuildFile; fileRef = 2CB8504F253D8E4C0035B986 /* HotTeaViewController.swift */; };
		2CBE8437254AC63200ACF34C /* ChooseViewController.swift in Sources */ = {isa = PBXBuildFile; fileRef = 2CBE8436254AC63200ACF34C /* ChooseViewController.swift */; };
/* End PBXBuildFile section */

/* Begin PBXContainerItemProxy section */
		2C33FDB325386FDC0024FDA4 /* PBXContainerItemProxy */ = {
			isa = PBXContainerItemProxy;
			containerPortal = 2C33FD9425386FDB0024FDA4 /* Project object */;
			proxyType = 1;
			remoteGlobalIDString = 2C33FD9B25386FDB0024FDA4;
			remoteInfo = Final_CaptonePorject;
		};
		2C33FDBE25386FDC0024FDA4 /* PBXContainerItemProxy */ = {
			isa = PBXContainerItemProxy;
			containerPortal = 2C33FD9425386FDB0024FDA4 /* Project object */;
			proxyType = 1;
			remoteGlobalIDString = 2C33FD9B25386FDB0024FDA4;
			remoteInfo = Final_CaptonePorject;
		};
/* End PBXContainerItemProxy section */

/* Begin PBXFileReference section */
		2C33FD9C25386FDB0024FDA4 /* Final_CaptonePorject.app */ = {isa = PBXFileReference; explicitFileType = wrapper.application; includeInIndex = 0; path = Final_CaptonePorject.app; sourceTree = BUILT_PRODUCTS_DIR; };
		2C33FD9F25386FDB0024FDA4 /* AppDelegate.swift */ = {isa = PBXFileReference; lastKnownFileType = sourcecode.swift; path = AppDelegate.swift; sourceTree = "<group>"; };
		2C33FDA625386FDB0024FDA4 /* Base */ = {isa = PBXFileReference; lastKnownFileType = file.storyboard; name = Base; path = Base.lproj/Main.storyboard; sourceTree = "<group>"; };
		2C33FDA825386FDC0024FDA4 /* Assets.xcassets */ = {isa = PBXFileReference; lastKnownFileType = folder.assetcatalog; path = Assets.xcassets; sourceTree = "<group>"; };
		2C33FDAB25386FDC0024FDA4 /* Base */ = {isa = PBXFileReference; lastKnownFileType = file.storyboard; name = Base; path = Base.lproj/LaunchScreen.storyboard; sourceTree = "<group>"; };
		2C33FDAD25386FDC0024FDA4 /* Info.plist */ = {isa = PBXFileReference; lastKnownFileType = text.plist.xml; path = Info.plist; sourceTree = "<group>"; };
		2C33FDB225386FDC0024FDA4 /* Final_CaptonePorjectTests.xctest */ = {isa = PBXFileReference; explicitFileType = wrapper.cfbundle; includeInIndex = 0; path = Final_CaptonePorjectTests.xctest; sourceTree = BUILT_PRODUCTS_DIR; };
		2C33FDB625386FDC0024FDA4 /* Final_CaptonePorjectTests.swift */ = {isa = PBXFileReference; lastKnownFileType = sourcecode.swift; path = Final_CaptonePorjectTests.swift; sourceTree = "<group>"; };
		2C33FDB825386FDC0024FDA4 /* Info.plist */ = {isa = PBXFileReference; lastKnownFileType = text.plist.xml; path = Info.plist; sourceTree = "<group>"; };
		2C33FDBD25386FDC0024FDA4 /* Final_CaptonePorjectUITests.xctest */ = {isa = PBXFileReference; explicitFileType = wrapper.cfbundle; includeInIndex = 0; path = Final_CaptonePorjectUITests.xctest; sourceTree = BUILT_PRODUCTS_DIR; };
		2C33FDC125386FDC0024FDA4 /* Final_CaptonePorjectUITests.swift */ = {isa = PBXFileReference; lastKnownFileType = sourcecode.swift; path = Final_CaptonePorjectUITests.swift; sourceTree = "<group>"; };
		2C33FDC325386FDC0024FDA4 /* Info.plist */ = {isa = PBXFileReference; lastKnownFileType = text.plist.xml; path = Info.plist; sourceTree = "<group>"; };
		2CB8500525387A660035B986 /* ar_ViewController.swift */ = {isa = PBXFileReference; lastKnownFileType = sourcecode.swift; path = ar_ViewController.swift; sourceTree = "<group>"; };
		2CB8500A25387AF00035B986 /* AR.rcproject */ = {isa = PBXFileReference; lastKnownFileType = file.rcproject; path = AR.rcproject; sourceTree = "<group>"; };
		2CB8500F25387B910035B986 /* MainViewController.swift */ = {isa = PBXFileReference; lastKnownFileType = sourcecode.swift; path = MainViewController.swift; sourceTree = "<group>"; };
		2CB8504A253D8E230035B986 /* HotTea.rcproject */ = {isa = PBXFileReference; lastKnownFileType = file.rcproject; path = HotTea.rcproject; sourceTree = "<group>"; };
		2CB8504F253D8E4C0035B986 /* HotTeaViewController.swift */ = {isa = PBXFileReference; lastKnownFileType = sourcecode.swift; path = HotTeaViewController.swift; sourceTree = "<group>"; };
		2CBE8436254AC63200ACF34C /* ChooseViewController.swift */ = {isa = PBXFileReference; lastKnownFileType = sourcecode.swift; path = ChooseViewController.swift; sourceTree = "<group>"; };
/* End PBXFileReference section */

/* Begin PBXFrameworksBuildPhase section */
		2C33FD9925386FDB0024FDA4 /* Frameworks */ = {
			isa = PBXFrameworksBuildPhase;
			buildActionMask = 2147483647;
			files = (
			);
			runOnlyForDeploymentPostprocessing = 0;
		};
		2C33FDAF25386FDC0024FDA4 /* Frameworks */ = {
			isa = PBXFrameworksBuildPhase;
			buildActionMask = 2147483647;
			files = (
			);
			runOnlyForDeploymentPostprocessing = 0;
		};
		2C33FDBA25386FDC0024FDA4 /* Frameworks */ = {
			isa = PBXFrameworksBuildPhase;
			buildActionMask = 2147483647;
			files = (
			);
			runOnlyForDeploymentPostprocessing = 0;
		};
/* End PBXFrameworksBuildPhase section */

/* Begin PBXGroup section */
		2C33FD9325386FDB0024FDA4 = {
			isa = PBXGroup;
			children = (
				2C33FD9E25386FDB0024FDA4 /* Final_CaptonePorject */,
				2C33FDB525386FDC0024FDA4 /* Final_CaptonePorjectTests */,
				2C33FDC025386FDC0024FDA4 /* Final_CaptonePorjectUITests */,
				2C33FD9D25386FDB0024FDA4 /* Products */,
			);
			sourceTree = "<group>";
		};
		2C33FD9D25386FDB0024FDA4 /* Products */ = {
			isa = PBXGroup;
			children = (
				2C33FD9C25386FDB0024FDA4 /* Final_CaptonePorject.app */,
				2C33FDB225386FDC0024FDA4 /* Final_CaptonePorjectTests.xctest */,
				2C33FDBD25386FDC0024FDA4 /* Final_CaptonePorjectUITests.xctest */,
			);
			name = Products;
			sourceTree = "<group>";
		};
		2C33FD9E25386FDB0024FDA4 /* Final_CaptonePorject */ = {
			isa = PBXGroup;
			children = (
				2C33FD9F25386FDB0024FDA4 /* AppDelegate.swift */,
				2CB8501425387D230035B986 /* Controller */,
				2CB8500A25387AF00035B986 /* AR.rcproject */,
				2CB8504A253D8E230035B986 /* HotTea.rcproject */,
				2C33FDA525386FDB0024FDA4 /* Main.storyboard */,
				2C33FDA825386FDC0024FDA4 /* Assets.xcassets */,
				2C33FDAA25386FDC0024FDA4 /* LaunchScreen.storyboard */,
				2C33FDAD25386FDC0024FDA4 /* Info.plist */,
			);
			path = Final_CaptonePorject;
			sourceTree = "<group>";
		};
		2C33FDB525386FDC0024FDA4 /* Final_CaptonePorjectTests */ = {
			isa = PBXGroup;
			children = (
				2C33FDB625386FDC0024FDA4 /* Final_CaptonePorjectTests.swift */,
				2C33FDB825386FDC0024FDA4 /* Info.plist */,
			);
			path = Final_CaptonePorjectTests;
			sourceTree = "<group>";
		};
		2C33FDC025386FDC0024FDA4 /* Final_CaptonePorjectUITests */ = {
			isa = PBXGroup;
			children = (
				2C33FDC125386FDC0024FDA4 /* Final_CaptonePorjectUITests.swift */,
				2C33FDC325386FDC0024FDA4 /* Info.plist */,
			);
			path = Final_CaptonePorjectUITests;
			sourceTree = "<group>";
		};
		2CB8501425387D230035B986 /* Controller */ = {
			isa = PBXGroup;
			children = (
				2CB8500525387A660035B986 /* ar_ViewController.swift */,
				2CB8500F25387B910035B986 /* MainViewController.swift */,
				2CB8504F253D8E4C0035B986 /* HotTeaViewController.swift */,
				2CBE8436254AC63200ACF34C /* ChooseViewController.swift */,
			);
			path = Controller;
			sourceTree = "<group>";
		};
/* End PBXGroup section */

/* Begin PBXNativeTarget section */
		2C33FD9B25386FDB0024FDA4 /* Final_CaptonePorject */ = {
			isa = PBXNativeTarget;
			buildConfigurationList = 2C33FDC625386FDC0024FDA4 /* Build configuration list for PBXNativeTarget "Final_CaptonePorject" */;
			buildPhases = (
				2C33FD9825386FDB0024FDA4 /* Sources */,
				2C33FD9925386FDB0024FDA4 /* Frameworks */,
				2C33FD9A25386FDB0024FDA4 /* Resources */,
			);
			buildRules = (
			);
			dependencies = (
			);
			name = Final_CaptonePorject;
			productName = Final_CaptonePorject;
			productReference = 2C33FD9C25386FDB0024FDA4 /* Final_CaptonePorject.app */;
			productType = "com.apple.product-type.application";
		};
		2C33FDB125386FDC0024FDA4 /* Final_CaptonePorjectTests */ = {
			isa = PBXNativeTarget;
			buildConfigurationList = 2C33FDC925386FDC0024FDA4 /* Build configuration list for PBXNativeTarget "Final_CaptonePorjectTests" */;
			buildPhases = (
				2C33FDAE25386FDC0024FDA4 /* Sources */,
				2C33FDAF25386FDC0024FDA4 /* Frameworks */,
				2C33FDB025386FDC0024FDA4 /* Resources */,
			);
			buildRules = (
			);
			dependencies = (
				2C33FDB425386FDC0024FDA4 /* PBXTargetDependency */,
			);
			name = Final_CaptonePorjectTests;
			productName = Final_CaptonePorjectTests;
			productReference = 2C33FDB225386FDC0024FDA4 /* Final_CaptonePorjectTests.xctest */;
			productType = "com.apple.product-type.bundle.unit-test";
		};
		2C33FDBC25386FDC0024FDA4 /* Final_CaptonePorjectUITests */ = {
			isa = PBXNativeTarget;
			buildConfigurationList = 2C33FDCC25386FDC0024FDA4 /* Build configuration list for PBXNativeTarget "Final_CaptonePorjectUITests" */;
			buildPhases = (
				2C33FDB925386FDC0024FDA4 /* Sources */,
				2C33FDBA25386FDC0024FDA4 /* Frameworks */,
				2C33FDBB25386FDC0024FDA4 /* Resources */,
			);
			buildRules = (
			);
			dependencies = (
				2C33FDBF25386FDC0024FDA4 /* PBXTargetDependency */,
			);
			name = Final_CaptonePorjectUITests;
			productName = Final_CaptonePorjectUITests;
			productReference = 2C33FDBD25386FDC0024FDA4 /* Final_CaptonePorjectUITests.xctest */;
			productType = "com.apple.product-type.bundle.ui-testing";
		};
/* End PBXNativeTarget section */

/* Begin PBXProject section */
		2C33FD9425386FDB0024FDA4 /* Project object */ = {
			isa = PBXProject;
			attributes = {
				LastSwiftUpdateCheck = 1200;
				LastUpgradeCheck = 1200;
				TargetAttributes = {
					2C33FD9B25386FDB0024FDA4 = {
						CreatedOnToolsVersion = 12.0.1;
					};
					2C33FDB125386FDC0024FDA4 = {
						CreatedOnToolsVersion = 12.0.1;
						TestTargetID = 2C33FD9B25386FDB0024FDA4;
					};
					2C33FDBC25386FDC0024FDA4 = {
						CreatedOnToolsVersion = 12.0.1;
						TestTargetID = 2C33FD9B25386FDB0024FDA4;
					};
				};
			};
			buildConfigurationList = 2C33FD9725386FDB0024FDA4 /* Build configuration list for PBXProject "Final_CaptonePorject" */;
			compatibilityVersion = "Xcode 9.3";
			developmentRegion = en;
			hasScannedForEncodings = 0;
			knownRegions = (
				en,
				Base,
			);
			mainGroup = 2C33FD9325386FDB0024FDA4;
			productRefGroup = 2C33FD9D25386FDB0024FDA4 /* Products */;
			projectDirPath = "";
			projectRoot = "";
			targets = (
				2C33FD9B25386FDB0024FDA4 /* Final_CaptonePorject */,
				2C33FDB125386FDC0024FDA4 /* Final_CaptonePorjectTests */,
				2C33FDBC25386FDC0024FDA4 /* Final_CaptonePorjectUITests */,
			);
		};
/* End PBXProject section */

/* Begin PBXResourcesBuildPhase section */
		2C33FD9A25386FDB0024FDA4 /* Resources */ = {
			isa = PBXResourcesBuildPhase;
			buildActionMask = 2147483647;
			files = (
				2C33FDAC25386FDC0024FDA4 /* LaunchScreen.storyboard in Resources */,
				2C33FDA925386FDC0024FDA4 /* Assets.xcassets in Resources */,
				2C33FDA725386FDB0024FDA4 /* Main.storyboard in Resources */,
			);
			runOnlyForDeploymentPostprocessing = 0;
		};
		2C33FDB025386FDC0024FDA4 /* Resources */ = {
			isa = PBXResourcesBuildPhase;
			buildActionMask = 2147483647;
			files = (
			);
			runOnlyForDeploymentPostprocessing = 0;
		};
		2C33FDBB25386FDC0024FDA4 /* Resources */ = {
			isa = PBXResourcesBuildPhase;
			buildActionMask = 2147483647;
			files = (
			);
			runOnlyForDeploymentPostprocessing = 0;
		};
/* End PBXResourcesBuildPhase section */

/* Begin PBXSourcesBuildPhase section */
		2C33FD9825386FDB0024FDA4 /* Sources */ = {
			isa = PBXSourcesBuildPhase;
			buildActionMask = 2147483647;
			files = (
				2C33FDA025386FDB0024FDA4 /* AppDelegate.swift in Sources */,
				2CB8501025387B910035B986 /* MainViewController.swift in Sources */,
				2CB8500B25387AF00035B986 /* AR.rcproject in Sources */,
				2CB8500625387A660035B986 /* ar_ViewController.swift in Sources */,
				2CB8504B253D8E230035B986 /* HotTea.rcproject in Sources */,
				2CBE8437254AC63200ACF34C /* ChooseViewController.swift in Sources */,
				2CB85050253D8E4C0035B986 /* HotTeaViewController.swift in Sources */,
			);
			runOnlyForDeploymentPostprocessing = 0;
		};
		2C33FDAE25386FDC0024FDA4 /* Sources */ = {
			isa = PBXSourcesBuildPhase;
			buildActionMask = 2147483647;
			files = (
				2C33FDB725386FDC0024FDA4 /* Final_CaptonePorjectTests.swift in Sources */,
			);
			runOnlyForDeploymentPostprocessing = 0;
		};
		2C33FDB925386FDC0024FDA4 /* Sources */ = {
			isa = PBXSourcesBuildPhase;
			buildActionMask = 2147483647;
			files = (
				2C33FDC225386FDC0024FDA4 /* Final_CaptonePorjectUITests.swift in Sources */,
			);
			runOnlyForDeploymentPostprocessing = 0;
		};
/* End PBXSourcesBuildPhase section */

/* Begin PBXTargetDependency section */
		2C33FDB425386FDC0024FDA4 /* PBXTargetDependency */ = {
			isa = PBXTargetDependency;
			target = 2C33FD9B25386FDB0024FDA4 /* Final_CaptonePorject */;
			targetProxy = 2C33FDB325386FDC0024FDA4 /* PBXContainerItemProxy */;
		};
		2C33FDBF25386FDC0024FDA4 /* PBXTargetDependency */ = {
			isa = PBXTargetDependency;
			target = 2C33FD9B25386FDB0024FDA4 /* Final_CaptonePorject */;
			targetProxy = 2C33FDBE25386FDC0024FDA4 /* PBXContainerItemProxy */;
		};
/* End PBXTargetDependency section */

/* Begin PBXVariantGroup section */
		2C33FDA525386FDB0024FDA4 /* Main.storyboard */ = {
			isa = PBXVariantGroup;
			children = (
				2C33FDA625386FDB0024FDA4 /* Base */,
			);
			name = Main.storyboard;
			sourceTree = "<group>";
		};
		2C33FDAA25386FDC0024FDA4 /* LaunchScreen.storyboard */ = {
			isa = PBXVariantGroup;
			children = (
				2C33FDAB25386FDC0024FDA4 /* Base */,
			);
			name = LaunchScreen.storyboard;
			sourceTree = "<group>";
		};
/* End PBXVariantGroup section */

/* Begin XCBuildConfiguration section */
		2C33FDC425386FDC0024FDA4 /* Debug */ = {
			isa = XCBuildConfiguration;
			buildSettings = {
				ALWAYS_SEARCH_USER_PATHS = NO;
				CLANG_ANALYZER_NONNULL = YES;
				CLANG_ANALYZER_NUMBER_OBJECT_CONVERSION = YES_AGGRESSIVE;
				CLANG_CXX_LANGUAGE_STANDARD = "gnu++14";
				CLANG_CXX_LIBRARY = "libc++";
				CLANG_ENABLE_MODULES = YES;
				CLANG_ENABLE_OBJC_ARC = YES;
				CLANG_ENABLE_OBJC_WEAK = YES;
				CLANG_WARN_BLOCK_CAPTURE_AUTORELEASING = YES;
				CLANG_WARN_BOOL_CONVERSION = YES;
				CLANG_WARN_COMMA = YES;
				CLANG_WARN_CONSTANT_CONVERSION = YES;
				CLANG_WARN_DEPRECATED_OBJC_IMPLEMENTATIONS = YES;
				CLANG_WARN_DIRECT_OBJC_ISA_USAGE = YES_ERROR;
				CLANG_WARN_DOCUMENTATION_COMMENTS = YES;
				CLANG_WARN_EMPTY_BODY = YES;
				CLANG_WARN_ENUM_CONVERSION = YES;
				CLANG_WARN_INFINITE_RECURSION = YES;
				CLANG_WARN_INT_CONVERSION = YES;
				CLANG_WARN_NON_LITERAL_NULL_CONVERSION = YES;
				CLANG_WARN_OBJC_IMPLICIT_RETAIN_SELF = YES;
				CLANG_WARN_OBJC_LITERAL_CONVERSION = YES;
				CLANG_WARN_OBJC_ROOT_CLASS = YES_ERROR;
				CLANG_WARN_QUOTED_INCLUDE_IN_FRAMEWORK_HEADER = YES;
				CLANG_WARN_RANGE_LOOP_ANALYSIS = YES;
				CLANG_WARN_STRICT_PROTOTYPES = YES;
				CLANG_WARN_SUSPICIOUS_MOVE = YES;
				CLANG_WARN_UNGUARDED_AVAILABILITY = YES_AGGRESSIVE;
				CLANG_WARN_UNREACHABLE_CODE = YES;
				CLANG_WARN__DUPLICATE_METHOD_MATCH = YES;
				COPY_PHASE_STRIP = NO;
				DEBUG_INFORMATION_FORMAT = dwarf;
				ENABLE_STRICT_OBJC_MSGSEND = YES;
				ENABLE_TESTABILITY = YES;
				GCC_C_LANGUAGE_STANDARD = gnu11;
				GCC_DYNAMIC_NO_PIC = NO;
				GCC_NO_COMMON_BLOCKS = YES;
				GCC_OPTIMIZATION_LEVEL = 0;
				GCC_PREPROCESSOR_DEFINITIONS = (
					"DEBUG=1",
					"$(inherited)",
				);
				GCC_WARN_64_TO_32_BIT_CONVERSION = YES;
				GCC_WARN_ABOUT_RETURN_TYPE = YES_ERROR;
				GCC_WARN_UNDECLARED_SELECTOR = YES;
				GCC_WARN_UNINITIALIZED_AUTOS = YES_AGGRESSIVE;
				GCC_WARN_UNUSED_FUNCTION = YES;
				GCC_WARN_UNUSED_VARIABLE = YES;
				IPHONEOS_DEPLOYMENT_TARGET = 14.0;
				MTL_ENABLE_DEBUG_INFO = INCLUDE_SOURCE;
				MTL_FAST_MATH = YES;
				ONLY_ACTIVE_ARCH = YES;
				SDKROOT = iphoneos;
				SWIFT_ACTIVE_COMPILATION_CONDITIONS = DEBUG;
				SWIFT_OPTIMIZATION_LEVEL = "-Onone";
			};
			name = Debug;
		};
		2C33FDC525386FDC0024FDA4 /* Release */ = {
			isa = XCBuildConfiguration;
			buildSettings = {
				ALWAYS_SEARCH_USER_PATHS = NO;
				CLANG_ANALYZER_NONNULL = YES;
				CLANG_ANALYZER_NUMBER_OBJECT_CONVERSION = YES_AGGRESSIVE;
				CLANG_CXX_LANGUAGE_STANDARD = "gnu++14";
				CLANG_CXX_LIBRARY = "libc++";
				CLANG_ENABLE_MODULES = YES;
				CLANG_ENABLE_OBJC_ARC = YES;
				CLANG_ENABLE_OBJC_WEAK = YES;
				CLANG_WARN_BLOCK_CAPTURE_AUTORELEASING = YES;
				CLANG_WARN_BOOL_CONVERSION = YES;
				CLANG_WARN_COMMA = YES;
				CLANG_WARN_CONSTANT_CONVERSION = YES;
				CLANG_WARN_DEPRECATED_OBJC_IMPLEMENTATIONS = YES;
				CLANG_WARN_DIRECT_OBJC_ISA_USAGE = YES_ERROR;
				CLANG_WARN_DOCUMENTATION_COMMENTS = YES;
				CLANG_WARN_EMPTY_BODY = YES;
				CLANG_WARN_ENUM_CONVERSION = YES;
				CLANG_WARN_INFINITE_RECURSION = YES;
				CLANG_WARN_INT_CONVERSION = YES;
				CLANG_WARN_NON_LITERAL_NULL_CONVERSION = YES;
				CLANG_WARN_OBJC_IMPLICIT_RETAIN_SELF = YES;
				CLANG_WARN_OBJC_LITERAL_CONVERSION = YES;
				CLANG_WARN_OBJC_ROOT_CLASS = YES_ERROR;
				CLANG_WARN_QUOTED_INCLUDE_IN_FRAMEWORK_HEADER = YES;
				CLANG_WARN_RANGE_LOOP_ANALYSIS = YES;
				CLANG_WARN_STRICT_PROTOTYPES = YES;
				CLANG_WARN_SUSPICIOUS_MOVE = YES;
				CLANG_WARN_UNGUARDED_AVAILABILITY = YES_AGGRESSIVE;
				CLANG_WARN_UNREACHABLE_CODE = YES;
				CLANG_WARN__DUPLICATE_METHOD_MATCH = YES;
				COPY_PHASE_STRIP = NO;
				DEBUG_INFORMATION_FORMAT = "dwarf-with-dsym";
				ENABLE_NS_ASSERTIONS = NO;
				ENABLE_STRICT_OBJC_MSGSEND = YES;
				GCC_C_LANGUAGE_STANDARD = gnu11;
				GCC_NO_COMMON_BLOCKS = YES;
				GCC_WARN_64_TO_32_BIT_CONVERSION = YES;
				GCC_WARN_ABOUT_RETURN_TYPE = YES_ERROR;
				GCC_WARN_UNDECLARED_SELECTOR = YES;
				GCC_WARN_UNINITIALIZED_AUTOS = YES_AGGRESSIVE;
				GCC_WARN_UNUSED_FUNCTION = YES;
				GCC_WARN_UNUSED_VARIABLE = YES;
				IPHONEOS_DEPLOYMENT_TARGET = 14.0;
				MTL_ENABLE_DEBUG_INFO = NO;
				MTL_FAST_MATH = YES;
				SDKROOT = iphoneos;
				SWIFT_COMPILATION_MODE = wholemodule;
				SWIFT_OPTIMIZATION_LEVEL = "-O";
				VALIDATE_PRODUCT = YES;
			};
			name = Release;
		};
		2C33FDC725386FDC0024FDA4 /* Debug */ = {
			isa = XCBuildConfiguration;
			buildSettings = {
				ASSETCATALOG_COMPILER_APPICON_NAME = AppIcon;
				ASSETCATALOG_COMPILER_GLOBAL_ACCENT_COLOR_NAME = AccentColor;
				CODE_SIGN_STYLE = Automatic;
				DEVELOPMENT_TEAM = PQ3DYY7M97;
				INFOPLIST_FILE = Final_CaptonePorject/Info.plist;
				LD_RUNPATH_SEARCH_PATHS = (
					"$(inherited)",
					"@executable_path/Frameworks",
				);
				PRODUCT_BUNDLE_IDENTIFIER = "com.iotek.Final-CaptonePorject";
				PRODUCT_NAME = "$(TARGET_NAME)";
				SWIFT_VERSION = 5.0;
				TARGETED_DEVICE_FAMILY = "1,2";
			};
			name = Debug;
		};
		2C33FDC825386FDC0024FDA4 /* Release */ = {
			isa = XCBuildConfiguration;
			buildSettings = {
				ASSETCATALOG_COMPILER_APPICON_NAME = AppIcon;
				ASSETCATALOG_COMPILER_GLOBAL_ACCENT_COLOR_NAME = AccentColor;
				CODE_SIGN_STYLE = Automatic;
				DEVELOPMENT_TEAM = PQ3DYY7M97;
				INFOPLIST_FILE = Final_CaptonePorject/Info.plist;
				LD_RUNPATH_SEARCH_PATHS = (
					"$(inherited)",
					"@executable_path/Frameworks",
				);
				PRODUCT_BUNDLE_IDENTIFIER = "com.iotek.Final-CaptonePorject";
				PRODUCT_NAME = "$(TARGET_NAME)";
				SWIFT_VERSION = 5.0;
				TARGETED_DEVICE_FAMILY = "1,2";
			};
			name = Release;
		};
		2C33FDCA25386FDC0024FDA4 /* Debug */ = {
			isa = XCBuildConfiguration;
			buildSettings = {
				ALWAYS_EMBED_SWIFT_STANDARD_LIBRARIES = YES;
				BUNDLE_LOADER = "$(TEST_HOST)";
				CODE_SIGN_STYLE = Automatic;
				DEVELOPMENT_TEAM = PQ3DYY7M97;
				INFOPLIST_FILE = Final_CaptonePorjectTests/Info.plist;
				IPHONEOS_DEPLOYMENT_TARGET = 14.0;
				LD_RUNPATH_SEARCH_PATHS = (
					"$(inherited)",
					"@executable_path/Frameworks",
					"@loader_path/Frameworks",
				);
				PRODUCT_BUNDLE_IDENTIFIER = "com.iotek.Final-CaptonePorjectTests";
				PRODUCT_NAME = "$(TARGET_NAME)";
				SWIFT_VERSION = 5.0;
				TARGETED_DEVICE_FAMILY = "1,2";
				TEST_HOST = "$(BUILT_PRODUCTS_DIR)/Final_CaptonePorject.app/Final_CaptonePorject";
			};
			name = Debug;
		};
		2C33FDCB25386FDC0024FDA4 /* Release */ = {
			isa = XCBuildConfiguration;
			buildSettings = {
				ALWAYS_EMBED_SWIFT_STANDARD_LIBRARIES = YES;
				BUNDLE_LOADER = "$(TEST_HOST)";
				CODE_SIGN_STYLE = Automatic;
				DEVELOPMENT_TEAM = PQ3DYY7M97;
				INFOPLIST_FILE = Final_CaptonePorjectTests/Info.plist;
				IPHONEOS_DEPLOYMENT_TARGET = 14.0;
				LD_RUNPATH_SEARCH_PATHS = (
					"$(inherited)",
					"@executable_path/Frameworks",
					"@loader_path/Frameworks",
				);
				PRODUCT_BUNDLE_IDENTIFIER = "com.iotek.Final-CaptonePorjectTests";
				PRODUCT_NAME = "$(TARGET_NAME)";
				SWIFT_VERSION = 5.0;
				TARGETED_DEVICE_FAMILY = "1,2";
				TEST_HOST = "$(BUILT_PRODUCTS_DIR)/Final_CaptonePorject.app/Final_CaptonePorject";
			};
			name = Release;
		};
		2C33FDCD25386FDC0024FDA4 /* Debug */ = {
			isa = XCBuildConfiguration;
			buildSettings = {
				ALWAYS_EMBED_SWIFT_STANDARD_LIBRARIES = YES;
				CODE_SIGN_STYLE = Automatic;
				DEVELOPMENT_TEAM = PQ3DYY7M97;
				INFOPLIST_FILE = Final_CaptonePorjectUITests/Info.plist;
				LD_RUNPATH_SEARCH_PATHS = (
					"$(inherited)",
					"@executable_path/Frameworks",
					"@loader_path/Frameworks",
				);
				PRODUCT_BUNDLE_IDENTIFIER = "com.iotek.Final-CaptonePorjectUITests";
				PRODUCT_NAME = "$(TARGET_NAME)";
				SWIFT_VERSION = 5.0;
				TARGETED_DEVICE_FAMILY = "1,2";
				TEST_TARGET_NAME = Final_CaptonePorject;
			};
			name = Debug;
		};
		2C33FDCE25386FDC0024FDA4 /* Release */ = {
			isa = XCBuildConfiguration;
			buildSettings = {
				ALWAYS_EMBED_SWIFT_STANDARD_LIBRARIES = YES;
				CODE_SIGN_STYLE = Automatic;
				DEVELOPMENT_TEAM = PQ3DYY7M97;
				INFOPLIST_FILE = Final_CaptonePorjectUITests/Info.plist;
				LD_RUNPATH_SEARCH_PATHS = (
					"$(inherited)",
					"@executable_path/Frameworks",
					"@loader_path/Frameworks",
				);
				PRODUCT_BUNDLE_IDENTIFIER = "com.iotek.Final-CaptonePorjectUITests";
				PRODUCT_NAME = "$(TARGET_NAME)";
				SWIFT_VERSION = 5.0;
				TARGETED_DEVICE_FAMILY = "1,2";
				TEST_TARGET_NAME = Final_CaptonePorject;
			};
			name = Release;
		};
/* End XCBuildConfiguration section */

/* Begin XCConfigurationList section */
		2C33FD9725386FDB0024FDA4 /* Build configuration list for PBXProject "Final_CaptonePorject" */ = {
			isa = XCConfigurationList;
			buildConfigurations = (
				2C33FDC425386FDC0024FDA4 /* Debug */,
				2C33FDC525386FDC0024FDA4 /* Release */,
			);
			defaultConfigurationIsVisible = 0;
			defaultConfigurationName = Release;
		};
		2C33FDC625386FDC0024FDA4 /* Build configuration list for PBXNativeTarget "Final_CaptonePorject" */ = {
			isa = XCConfigurationList;
			buildConfigurations = (
				2C33FDC725386FDC0024FDA4 /* Debug */,
				2C33FDC825386FDC0024FDA4 /* Release */,
			);
			defaultConfigurationIsVisible = 0;
			defaultConfigurationName = Release;
		};
		2C33FDC925386FDC0024FDA4 /* Build configuration list for PBXNativeTarget "Final_CaptonePorjectTests" */ = {
			isa = XCConfigurationList;
			buildConfigurations = (
				2C33FDCA25386FDC0024FDA4 /* Debug */,
				2C33FDCB25386FDC0024FDA4 /* Release */,
			);
			defaultConfigurationIsVisible = 0;
			defaultConfigurationName = Release;
		};
		2C33FDCC25386FDC0024FDA4 /* Build configuration list for PBXNativeTarget "Final_CaptonePorjectUITests" */ = {
			isa = XCConfigurationList;
			buildConfigurations = (
				2C33FDCD25386FDC0024FDA4 /* Debug */,
				2C33FDCE25386FDC0024FDA4 /* Release */,
			);
			defaultConfigurationIsVisible = 0;
			defaultConfigurationName = Release;
		};
/* End XCConfigurationList section */
	};
	rootObject = 2C33FD9425386FDB0024FDA4 /* Project object */;
}
